Microsoft Visual Studio Solution File, Format Version 12.00
# Visual Studio Version 17
VisualStudioVersion = 17.5.2.0
MinimumVisualStudioVersion = 10.0.40219.1
Project("{FAE04EC0-301F-11D3-BF4B-00C04F79EFBC}") = "NRaasLoadingScreenExtensionTravelerFix", "NRaasLoadingScreenExtensionTravelerFix.csproj", "{5ACEA5B7-9D98-5DFD-673F-DD3674561CBF}"
EndProject
Global
	GlobalSection(SolutionConfigurationPlatforms) = preSolution
		Debug|Any CPU = Debug|Any CPU
		Release|Any CPU = Release|Any CPU
	EndGlobalSection
	GlobalSection(ProjectConfigurationPlatforms) = postSolution
		{5ACEA5B7-9D98-5DFD-673F-DD3674561CBF}.Debug|Any CPU.ActiveCfg = Debug|Any CPU
		{5ACEA5B7-9D98-5DFD-673F-DD3674561CBF}.Debug|Any CPU.Build.0 = Debug|Any CPU
		{5ACEA5B7-9D98-5DFD-673F-DD3674561CBF}.Release|Any CPU.ActiveCfg = Release|Any CPU
		{5ACEA5B7-9D98-5DFD-673F-DD3674561CBF}.Release|Any CPU.Build.0 = Release|Any CPU
	EndGlobalSection
	GlobalSection(SolutionProperties) = preSolution
		HideSolutionNode = FALSE
	EndGlobalSection
	GlobalSection(ExtensibilityGlobals) = postSolution
		SolutionGuid = {37E294C0-3ADA-4F24-B303-417D8FF0E182}
	EndGlobalSection
EndGlobal
